// !$*UTF8*$!
{
	archiveVersion = 1;
	classes = {
	};
	objectVersion = 46;
	objects = {

/* Begin PBXBuildFile section */
		A2E7AF591D0D53C90087C8B9 /* main.m in Sources */ = {isa = PBXBuildFile; fileRef = A2E7AF581D0D53C90087C8B9 /* main.m */; };
		A2E7AF5C1D0D53C90087C8B9 /* AppDelegate.m in Sources */ = {isa = PBXBuildFile; fileRef = A2E7AF5B1D0D53C90087C8B9 /* AppDelegate.m */; };
		A2E7AF621D0D53C90087C8B9 /* Main.storyboard in Resources */ = {isa = PBXBuildFile; fileRef = A2E7AF601D0D53C90087C8B9 /* Main.storyboard */; };
		A2E7AF641D0D53C90087C8B9 /* Assets.xcassets in Resources */ = {isa = PBXBuildFile; fileRef = A2E7AF631D0D53C90087C8B9 /* Assets.xcassets */; };
		A2E7AF671D0D53C90087C8B9 /* LaunchScreen.storyboard in Resources */ = {isa = PBXBuildFile; fileRef = A2E7AF651D0D53C90087C8B9 /* LaunchScreen.storyboard */; };
		A2E7AF721D0D53F90087C8B9 /* RSSelectionViewController.m in Sources */ = {isa = PBXBuildFile; fileRef = A2E7AF701D0D53F90087C8B9 /* RSSelectionViewController.m */; };
		A2E7AF731D0D53F90087C8B9 /* RSSelectionViewController.xib in Resources */ = {isa = PBXBuildFile; fileRef = A2E7AF711D0D53F90087C8B9 /* RSSelectionViewController.xib */; };
		A2E7AF771D0D54520087C8B9 /* RSSearchBar.m in Sources */ = {isa = PBXBuildFile; fileRef = A2E7AF761D0D54520087C8B9 /* RSSearchBar.m */; };
		A2E7AF7A1D0D584C0087C8B9 /* HomeViewController.m in Sources */ = {isa = PBXBuildFile; fileRef = A2E7AF791D0D584C0087C8B9 /* HomeViewController.m */; };
/* End PBXBuildFile section */

/* Begin PBXFileReference section */
		A2E7AF541D0D53C90087C8B9 /* RSSelectionViewControllerExample.app */ = {isa = PBXFileReference; explicitFileType = wrapper.application; includeInIndex = 0; path = RSSelectionViewControllerExample.app; sourceTree = BUILT_PRODUCTS_DIR; };
		A2E7AF581D0D53C90087C8B9 /* main.m */ = {isa = PBXFileReference; lastKnownFileType = sourcecode.c.objc; path = main.m; sourceTree = "<group>"; };
		A2E7AF5A1D0D53C90087C8B9 /* AppDelegate.h */ = {isa = PBXFileReference; lastKnownFileType = sourcecode.c.h; path = AppDelegate.h; sourceTree = "<group>"; };
		A2E7AF5B1D0D53C90087C8B9 /* AppDelegate.m */ = {isa = PBXFileReference; lastKnownFileType = sourcecode.c.objc; path = AppDelegate.m; sourceTree = "<group>"; };
		A2E7AF611D0D53C90087C8B9 /* Base */ = {isa = PBXFileReference; lastKnownFileType = file.storyboard; name = Base; path = Base.lproj/Main.storyboard; sourceTree = "<group>"; };
		A2E7AF631D0D53C90087C8B9 /* Assets.xcassets */ = {isa = PBXFileReference; lastKnownFileType = folder.assetcatalog; path = Assets.xcassets; sourceTree = "<group>"; };
		A2E7AF661D0D53C90087C8B9 /* Base */ = {isa = PBXFileReference; lastKnownFileType = file.storyboard; name = Base; path = Base.lproj/LaunchScreen.storyboard; sourceTree = "<group>"; };
		A2E7AF681D0D53C90087C8B9 /* Info.plist */ = {isa = PBXFileReference; lastKnownFileType = text.plist.xml; path = Info.plist; sourceTree = "<group>"; };
		A2E7AF6F1D0D53F90087C8B9 /* RSSelectionViewController.h */ = {isa = PBXFileReference; fileEncoding = 4; lastKnownFileType = sourcecode.c.h; path = RSSelectionViewController.h; sourceTree = "<group>"; };
		A2E7AF701D0D53F90087C8B9 /* RSSelectionViewController.m */ = {isa = PBXFileReference; fileEncoding = 4; lastKnownFileType = sourcecode.c.objc; path = RSSelectionViewController.m; sourceTree = "<group>"; };
		A2E7AF711D0D53F90087C8B9 /* RSSelectionViewController.xib */ = {isa = PBXFileReference; fileEncoding = 4; lastKnownFileType = file.xib; path = RSSelectionViewController.xib; sourceTree = "<group>"; };
		A2E7AF751D0D54520087C8B9 /* RSSearchBar.h */ = {isa = PBXFileReference; fileEncoding = 4; lastKnownFileType = sourcecode.c.h; path = RSSearchBar.h; sourceTree = "<group>"; };
		A2E7AF761D0D54520087C8B9 /* RSSearchBar.m */ = {isa = PBXFileReference; fileEncoding = 4; lastKnownFileType = sourcecode.c.objc; path = RSSearchBar.m; sourceTree = "<group>"; };
		A2E7AF781D0D584C0087C8B9 /* HomeViewController.h */ = {isa = PBXFileReference; fileEncoding = 4; lastKnownFileType = sourcecode.c.h; path = HomeViewController.h; sourceTree = "<group>"; };
		A2E7AF791D0D584C0087C8B9 /* HomeViewController.m */ = {isa = PBXFileReference; fileEncoding = 4; lastKnownFileType = sourcecode.c.objc; path = HomeViewController.m; sourceTree = "<group>"; };
/* End PBXFileReference section */

/* Begin PBXFrameworksBuildPhase section */
		A2E7AF511D0D53C90087C8B9 /* Frameworks */ = {
			isa = PBXFrameworksBuildPhase;
			buildActionMask = 2147483647;
			files = (
			);
			runOnlyForDeploymentPostprocessing = 0;
		};
/* End PBXFrameworksBuildPhase section */

/* Begin PBXGroup section */
		A2E7AF4B1D0D53C90087C8B9 = {
			isa = PBXGroup;
			children = (
				A2E7AF561D0D53C90087C8B9 /* RSSelectionViewControllerExample */,
				A2E7AF551D0D53C90087C8B9 /* Products */,
			);
			sourceTree = "<group>";
		};
		A2E7AF551D0D53C90087C8B9 /* Products */ = {
			isa = PBXGroup;
			children = (
				A2E7AF541D0D53C90087C8B9 /* RSSelectionViewControllerExample.app */,
			);
			name = Products;
			sourceTree = "<group>";
		};
		A2E7AF561D0D53C90087C8B9 /* RSSelectionViewControllerExample */ = {
			isa = PBXGroup;
			children = (
				A2E7AF6E1D0D53F90087C8B9 /* RSSelectionViewController */,
				A2E7AF5A1D0D53C90087C8B9 /* AppDelegate.h */,
				A2E7AF5B1D0D53C90087C8B9 /* AppDelegate.m */,
				A2E7AF781D0D584C0087C8B9 /* HomeViewController.h */,
				A2E7AF791D0D584C0087C8B9 /* HomeViewController.m */,
				A2E7AF601D0D53C90087C8B9 /* Main.storyboard */,
				A2E7AF631D0D53C90087C8B9 /* Assets.xcassets */,
				A2E7AF651D0D53C90087C8B9 /* LaunchScreen.storyboard */,
				A2E7AF681D0D53C90087C8B9 /* Info.plist */,
				A2E7AF571D0D53C90087C8B9 /* Supporting Files */,
			);
			path = RSSelectionViewControllerExample;
			sourceTree = "<group>";
		};
		A2E7AF571D0D53C90087C8B9 /* Supporting Files */ = {
			isa = PBXGroup;
			children = (
				A2E7AF581D0D53C90087C8B9 /* main.m */,
			);
			name = "Supporting Files";
			sourceTree = "<group>";
		};
		A2E7AF6E1D0D53F90087C8B9 /* RSSelectionViewController */ = {
			isa = PBXGroup;
			children = (
				A2E7AF741D0D54520087C8B9 /* RSSearchBar */,
				A2E7AF6F1D0D53F90087C8B9 /* RSSelectionViewController.h */,
				A2E7AF701D0D53F90087C8B9 /* RSSelectionViewController.m */,
				A2E7AF711D0D53F90087C8B9 /* RSSelectionViewController.xib */,
			);
			path = RSSelectionViewController;
			sourceTree = SOURCE_ROOT;
		};
		A2E7AF741D0D54520087C8B9 /* RSSearchBar */ = {
			isa = PBXGroup;
			children = (
				A2E7AF751D0D54520087C8B9 /* RSSearchBar.h */,
				A2E7AF761D0D54520087C8B9 /* RSSearchBar.m */,
			);
			path = RSSearchBar;
			sourceTree = SOURCE_ROOT;
		};
/* End PBXGroup section */

/* Begin PBXNativeTarget section */
		A2E7AF531D0D53C90087C8B9 /* RSSelectionViewControllerExample */ = {
			isa = PBXNativeTarget;
			buildConfigurationList = A2E7AF6B1D0D53C90087C8B9 /* Build configuration list for PBXNativeTarget "RSSelectionViewControllerExample" */;
			buildPhases = (
				A2E7AF501D0D53C90087C8B9 /* Sources */,
				A2E7AF511D0D53C90087C8B9 /* Frameworks */,
				A2E7AF521D0D53C90087C8B9 /* Resources */,
			);
			buildRules = (
			);
			dependencies = (
			);
			name = RSSelectionViewControllerExample;
			productName = RSSelectionViewControllerExample;
			productReference = A2E7AF541D0D53C90087C8B9 /* RSSelectionViewControllerExample.app */;
			productType = "com.apple.product-type.application";
		};
/* End PBXNativeTarget section */

/* Begin PBXProject section */
		A2E7AF4C1D0D53C90087C8B9 /* Project object */ = {
			isa = PBXProject;
			attributes = {
				LastUpgradeCheck = 0710;
				ORGANIZATIONNAME = "Rushi Sangani";
				TargetAttributes = {
					A2E7AF531D0D53C90087C8B9 = {
						CreatedOnToolsVersion = 7.1;
					};
				};
			};
			buildConfigurationList = A2E7AF4F1D0D53C90087C8B9 /* Build configuration list for PBXProject "RSSelectionViewControllerExample" */;
			compatibilityVersion = "Xcode 3.2";
			developmentRegion = English;
			hasScannedForEncodings = 0;
			knownRegions = (
				en,
				Base,
			);
			mainGroup = A2E7AF4B1D0D53C90087C8B9;
			productRefGroup = A2E7AF551D0D53C90087C8B9 /* Products */;
			projectDirPath = "";
			projectRoot = "";
			targets = (
				A2E7AF531D0D53C90087C8B9 /* RSSelectionViewControllerExample */,
			);
		};
/* End PBXProject section */

/* Begin PBXResourcesBuildPhase section */
		A2E7AF521D0D53C90087C8B9 /* Resources */ = {
			isa = PBXResourcesBuildPhase;
			buildActionMask = 2147483647;
			files = (
				A2E7AF731D0D53F90087C8B9 /* RSSelectionViewController.xib in Resources */,
				A2E7AF671D0D53C90087C8B9 /* LaunchScreen.storyboard in Resources */,
				A2E7AF641D0D53C90087C8B9 /* Assets.xcassets in Resources */,
				A2E7AF621D0D53C90087C8B9 /* Main.storyboard in Resources */,
			);
			runOnlyForDeploymentPostprocessing = 0;
		};
/* End PBXResourcesBuildPhase section */

/* Begin PBXSourcesBuildPhase section */
		A2E7AF501D0D53C90087C8B9 /* Sources */ = {
			isa = PBXSourcesBuildPhase;
			buildActionMask = 2147483647;
			files = (
				A2E7AF721D0D53F90087C8B9 /* RSSelectionViewController.m in Sources */,
				A2E7AF771D0D54520087C8B9 /* RSSearchBar.m in Sources */,
				A2E7AF5C1D0D53C90087C8B9 /* AppDelegate.m in Sources */,
				A2E7AF7A1D0D584C0087C8B9 /* HomeViewController.m in Sources */,
				A2E7AF591D0D53C90087C8B9 /* main.m in Sources */,
			);
			runOnlyForDeploymentPostprocessing = 0;
		};
/* End PBXSourcesBuildPhase section */

/* Begin PBXVariantGroup section */
		A2E7AF601D0D53C90087C8B9 /* Main.storyboard */ = {
			isa = PBXVariantGroup;
			children = (
				A2E7AF611D0D53C90087C8B9 /* Base */,
			);
			name = Main.storyboard;
			sourceTree = "<group>";
		};
		A2E7AF651D0D53C90087C8B9 /* LaunchScreen.storyboard */ = {
			isa = PBXVariantGroup;
			children = (
				A2E7AF661D0D53C90087C8B9 /* Base */,
			);
			name = LaunchScreen.storyboard;
			sourceTree = "<group>";
		};
/* End PBXVariantGroup section */

/* Begin XCBuildConfiguration section */
		A2E7AF691D0D53C90087C8B9 /* Debug */ = {
			isa = XCBuildConfiguration;
			buildSettings = {
				ALWAYS_SEARCH_USER_PATHS = NO;
				CLANG_CXX_LANGUAGE_STANDARD = "gnu++0x";
				CLANG_CXX_LIBRARY = "libc++";
				CLANG_ENABLE_MODULES = YES;
				CLANG_ENABLE_OBJC_ARC = YES;
				CLANG_WARN_BOOL_CONVERSION = YES;
				CLANG_WARN_CONSTANT_CONVERSION = YES;
				CLANG_WARN_DIRECT_OBJC_ISA_USAGE = YES_ERROR;
				CLANG_WARN_EMPTY_BODY = YES;
				CLANG_WARN_ENUM_CONVERSION = YES;
				CLANG_WARN_INT_CONVERSION = YES;
				CLANG_WARN_OBJC_ROOT_CLASS = YES_ERROR;
				CLANG_WARN_UNREACHABLE_CODE = YES;
				CLANG_WARN__DUPLICATE_METHOD_MATCH = YES;
				"CODE_SIGN_IDENTITY[sdk=iphoneos*]" = "iPhone Developer";
				COPY_PHASE_STRIP = NO;
				DEBUG_INFORMATION_FORMAT = dwarf;
				ENABLE_STRICT_OBJC_MSGSEND = YES;
				ENABLE_TESTABILITY = YES;
				GCC_C_LANGUAGE_STANDARD = gnu99;
				GCC_DYNAMIC_NO_PIC = NO;
				GCC_NO_COMMON_BLOCKS = YES;
				GCC_OPTIMIZATION_LEVEL = 0;
				GCC_PREPROCESSOR_DEFINITIONS = (
					"DEBUG=1",
					"$(inherited)",
				);
				GCC_WARN_64_TO_32_BIT_CONVERSION = YES;
				GCC_WARN_ABOUT_RETURN_TYPE = YES_ERROR;
				GCC_WARN_UNDECLARED_SELECTOR = YES;
				GCC_WARN_UNINITIALIZED_AUTOS = YES_AGGRESSIVE;
				GCC_WARN_UNUSED_FUNCTION = YES;
				GCC_WARN_UNUSED_VARIABLE = YES;
				IPHONEOS_DEPLOYMENT_TARGET = 9.1;
				MTL_ENABLE_DEBUG_INFO = YES;
				ONLY_ACTIVE_ARCH = YES;
				SDKROOT = iphoneos;
			};
			name = Debug;
		};
		A2E7AF6A1D0D53C90087C8B9 /* Release */ = {
			isa = XCBuildConfiguration;
			buildSettings = {
				ALWAYS_SEARCH_USER_PATHS = NO;
				CLANG_CXX_LANGUAGE_STANDARD = "gnu++0x";
				CLANG_CXX_LIBRARY = "libc++";
				CLANG_ENABLE_MODULES = YES;
				CLANG_ENABLE_OBJC_ARC = YES;
				CLANG_WARN_BOOL_CONVERSION = YES;
				CLANG_WARN_CONSTANT_CONVERSION = YES;
				CLANG_WARN_DIRECT_OBJC_ISA_USAGE = YES_ERROR;
				CLANG_WARN_EMPTY_BODY = YES;
				CLANG_WARN_ENUM_CONVERSION = YES;
				CLANG_WARN_INT_CONVERSION = YES;
				CLANG_WARN_OBJC_ROOT_CLASS = YES_ERROR;
				CLANG_WARN_UNREACHABLE_CODE = YES;
				CLANG_WARN__DUPLICATE_METHOD_MATCH = YES;
				"CODE_SIGN_IDENTITY[sdk=iphoneos*]" = "iPhone Developer";
				COPY_PHASE_STRIP = NO;
				DEBUG_INFORMATION_FORMAT = "dwarf-with-dsym";
				ENABLE_NS_ASSERTIONS = NO;
				ENABLE_STRICT_OBJC_MSGSEND = YES;
				GCC_C_LANGUAGE_STANDARD = gnu99;
				GCC_NO_COMMON_BLOCKS = YES;
				GCC_WARN_64_TO_32_BIT_CONVERSION = YES;
				GCC_WARN_ABOUT_RETURN_TYPE = YES_ERROR;
				GCC_WARN_UNDECLARED_SELECTOR = YES;
				GCC_WARN_UNINITIALIZED_AUTOS = YES_AGGRESSIVE;
				GCC_WARN_UNUSED_FUNCTION = YES;
				GCC_WARN_UNUSED_VARIABLE = YES;
				IPHONEOS_DEPLOYMENT_TARGET = 9.1;
				MTL_ENABLE_DEBUG_INFO = NO;
				SDKROOT = iphoneos;
				VALIDATE_PRODUCT = YES;
			};
			name = Release;
		};
		A2E7AF6C1D0D53C90087C8B9 /* Debug */ = {
			isa = XCBuildConfiguration;
			buildSettings = {
				ASSETCATALOG_COMPILER_APPICON_NAME = AppIcon;
				INFOPLIST_FILE = RSSelectionViewControllerExample/Info.plist;
				LD_RUNPATH_SEARCH_PATHS = "$(inherited) @executable_path/Frameworks";
				PRODUCT_BUNDLE_IDENTIFIER = com.rushi.RSSelectionViewControllerExample;
				PRODUCT_NAME = "$(TARGET_NAME)";
			};
			name = Debug;
		};
		A2E7AF6D1D0D53C90087C8B9 /* Release */ = {
			isa = XCBuildConfiguration;
			buildSettings = {
				ASSETCATALOG_COMPILER_APPICON_NAME = AppIcon;
				INFOPLIST_FILE = RSSelectionViewControllerExample/Info.plist;
				LD_RUNPATH_SEARCH_PATHS = "$(inherited) @executable_path/Frameworks";
				PRODUCT_BUNDLE_IDENTIFIER = com.rushi.RSSelectionViewControllerExample;
				PRODUCT_NAME = "$(TARGET_NAME)";
			};
			name = Release;
		};
/* End XCBuildConfiguration section */

/* Begin XCConfigurationList section */
		A2E7AF4F1D0D53C90087C8B9 /* Build configuration list for PBXProject "RSSelectionViewControllerExample" */ = {
			isa = XCConfigurationList;
			buildConfigurations = (
				A2E7AF691D0D53C90087C8B9 /* Debug */,
				A2E7AF6A1D0D53C90087C8B9 /* Release */,
			);
			defaultConfigurationIsVisible = 0;
			defaultConfigurationName = Release;
		};
		A2E7AF6B1D0D53C90087C8B9 /* Build configuration list for PBXNativeTarget "RSSelectionViewControllerExample" */ = {
			isa = XCConfigurationList;
			buildConfigurations = (
				A2E7AF6C1D0D53C90087C8B9 /* Debug */,
				A2E7AF6D1D0D53C90087C8B9 /* Release */,
			);
			defaultConfigurationIsVisible = 0;
		};
/* End XCConfigurationList section */
	};
	rootObject = A2E7AF4C1D0D53C90087C8B9 /* Project object */;
}
